
Microsoft Visual Studio Solution File, Format Version 12.00
# Visual Studio 2012
Project("{FAE04EC0-301F-11D3-BF4B-00C04F79EFBC}") = "Wordpress.Xml.Rpc", "Wordpress.Xml.Rpc\Wordpress.Xml.Rpc.csproj", "{0E03A98B-E708-4A43-A5FB-7209219D6365}"
EndProject
Project("{FAE04EC0-301F-11D3-BF4B-00C04F79EFBC}") = "Wordpress.Xml.Rpc.Tests", "Wordpress.Xml.Rpc.Tests\Wordpress.Xml.Rpc.Tests.csproj", "{9E129576-7C75-4614-89F7-C2FAEEC6C79E}"
EndProject
Global
	GlobalSection(SolutionConfigurationPlatforms) = preSolution
		Debug|Any CPU = Debug|Any CPU
		Release|Any CPU = Release|Any CPU
	EndGlobalSection
	GlobalSection(ProjectConfigurationPlatforms) = postSolution
		{0E03A98B-E708-4A43-A5FB-7209219D6365}.Debug|Any CPU.ActiveCfg = Debug|Any CPU
		{0E03A98B-E708-4A43-A5FB-7209219D6365}.Debug|Any CPU.Build.0 = Debug|Any CPU
		{0E03A98B-E708-4A43-A5FB-7209219D6365}.Release|Any CPU.ActiveCfg = Release|Any CPU
		{0E03A98B-E708-4A43-A5FB-7209219D6365}.Release|Any CPU.Build.0 = Release|Any CPU
		{9E129576-7C75-4614-89F7-C2FAEEC6C79E}.Debug|Any CPU.ActiveCfg = Debug|Any CPU
		{9E129576-7C75-4614-89F7-C2FAEEC6C79E}.Debug|Any CPU.Build.0 = Debug|Any CPU
		{9E129576-7C75-4614-89F7-C2FAEEC6C79E}.Release|Any CPU.ActiveCfg = Release|Any CPU
		{9E129576-7C75-4614-89F7-C2FAEEC6C79E}.Release|Any CPU.Build.0 = Release|Any CPU
	EndGlobalSection
	GlobalSection(SolutionProperties) = preSolution
		HideSolutionNode = FALSE
	EndGlobalSection
EndGlobal
