
Microsoft Visual Studio Solution File, Format Version 12.00
# Visual Studio 2012
Project("{FAE04EC0-301F-11D3-BF4B-00C04F79EFBC}") = "Wordpress.Xml.Rpc", "Wordpress.Xml.Rpc\Wordpress.Xml.Rpc.csproj", "{0E03A98B-E708-4A43-A5FB-7209219D6365}"
EndProject
Project("{FAE04EC0-301F-11D3-BF4B-00C04F79EFBC}") = "Wordpress.Xml.Rpc.Tests", "Wordpress.Xml.Rpc.Tests\Wordpress.Xml.Rpc.Tests.csproj", "{9E129576-7C75-4614-89F7-C2FAEEC6C79E}"
EndProject
Project("{2150E333-8FDC-42A3-9474-1A3956D46DE8}") = ".nuget", ".nuget", "{3CAE7185-E562-42A3-838A-39AC16A4FBAF}"
	ProjectSection(SolutionItems) = preProject
		.nuget\NuGet.Config = .nuget\NuGet.Config
		.nuget\NuGet.exe = .nuget\NuGet.exe
		.nuget\NuGet.targets = .nuget\NuGet.targets
	EndProjectSection
EndProject
Project("{2150E333-8FDC-42A3-9474-1A3956D46DE8}") = "Solution Items", "Solution Items", "{A7C780BF-933E-4AF2-B8C0-7260DF973675}"
	ProjectSection(SolutionItems) = preProject
		..\.gitignore = ..\.gitignore
		..\.travis.yml = ..\.travis.yml
	EndProjectSection
EndProject
Global
	GlobalSection(SolutionConfigurationPlatforms) = preSolution
		Debug|Any CPU = Debug|Any CPU
		Release|Any CPU = Release|Any CPU
	EndGlobalSection
	GlobalSection(ProjectConfigurationPlatforms) = postSolution
		{0E03A98B-E708-4A43-A5FB-7209219D6365}.Debug|Any CPU.ActiveCfg = Debug|Any CPU
		{0E03A98B-E708-4A43-A5FB-7209219D6365}.Debug|Any CPU.Build.0 = Debug|Any CPU
		{0E03A98B-E708-4A43-A5FB-7209219D6365}.Release|Any CPU.ActiveCfg = Release|Any CPU
		{0E03A98B-E708-4A43-A5FB-7209219D6365}.Release|Any CPU.Build.0 = Release|Any CPU
		{9E129576-7C75-4614-89F7-C2FAEEC6C79E}.Debug|Any CPU.ActiveCfg = Debug|Any CPU
		{9E129576-7C75-4614-89F7-C2FAEEC6C79E}.Debug|Any CPU.Build.0 = Debug|Any CPU
		{9E129576-7C75-4614-89F7-C2FAEEC6C79E}.Release|Any CPU.ActiveCfg = Release|Any CPU
		{9E129576-7C75-4614-89F7-C2FAEEC6C79E}.Release|Any CPU.Build.0 = Release|Any CPU
	EndGlobalSection
	GlobalSection(SolutionProperties) = preSolution
		HideSolutionNode = FALSE
	EndGlobalSection
EndGlobal
